// !$*UTF8*$!
{
	archiveVersion = 1;
	classes = {
	};
	objectVersion = 50;
	objects = {

/* Begin PBXBuildFile section */
		071DF80E215E80330093704F /* AppDelegate.swift in Sources */ = {isa = PBXBuildFile; fileRef = 071DF80D215E80330093704F /* AppDelegate.swift */; };
		071DF813215E80330093704F /* Main.storyboard in Resources */ = {isa = PBXBuildFile; fileRef = 071DF811215E80330093704F /* Main.storyboard */; };
		071DF815215E80350093704F /* Assets.xcassets in Resources */ = {isa = PBXBuildFile; fileRef = 071DF814215E80350093704F /* Assets.xcassets */; };
		071DF818215E80350093704F /* LaunchScreen.storyboard in Resources */ = {isa = PBXBuildFile; fileRef = 071DF816215E80350093704F /* LaunchScreen.storyboard */; };
		071DF823215E80350093704F /* ColorsTests.swift in Sources */ = {isa = PBXBuildFile; fileRef = 071DF822215E80350093704F /* ColorsTests.swift */; };
		071DF82E215E80350093704F /* ColorsUITests.swift in Sources */ = {isa = PBXBuildFile; fileRef = 071DF82D215E80350093704F /* ColorsUITests.swift */; };
		071DF83C215E83D90093704F /* ColorListViewController.swift in Sources */ = {isa = PBXBuildFile; fileRef = 071DF83B215E83D90093704F /* ColorListViewController.swift */; };
		07BA9DC3217A3050006BE9EE /* Color.swift in Sources */ = {isa = PBXBuildFile; fileRef = 07BA9DC2217A3050006BE9EE /* Color.swift */; };
		07BA9DC5217A3598006BE9EE /* ColorNavigationViewController.swift in Sources */ = {isa = PBXBuildFile; fileRef = 07BA9DC4217A3598006BE9EE /* ColorNavigationViewController.swift */; };
/* End PBXBuildFile section */

/* Begin PBXContainerItemProxy section */
		071DF81F215E80350093704F /* PBXContainerItemProxy */ = {
			isa = PBXContainerItemProxy;
			containerPortal = 071DF802215E80320093704F /* Project object */;
			proxyType = 1;
			remoteGlobalIDString = 071DF809215E80320093704F;
			remoteInfo = Colors;
		};
		071DF82A215E80350093704F /* PBXContainerItemProxy */ = {
			isa = PBXContainerItemProxy;
			containerPortal = 071DF802215E80320093704F /* Project object */;
			proxyType = 1;
			remoteGlobalIDString = 071DF809215E80320093704F;
			remoteInfo = Colors;
		};
/* End PBXContainerItemProxy section */

/* Begin PBXFileReference section */
		071DF80A215E80320093704F /* Colors.app */ = {isa = PBXFileReference; explicitFileType = wrapper.application; includeInIndex = 0; path = Colors.app; sourceTree = BUILT_PRODUCTS_DIR; };
		071DF80D215E80330093704F /* AppDelegate.swift */ = {isa = PBXFileReference; lastKnownFileType = sourcecode.swift; path = AppDelegate.swift; sourceTree = "<group>"; };
		071DF812215E80330093704F /* Base */ = {isa = PBXFileReference; lastKnownFileType = file.storyboard; name = Base; path = Base.lproj/Main.storyboard; sourceTree = "<group>"; };
		071DF814215E80350093704F /* Assets.xcassets */ = {isa = PBXFileReference; lastKnownFileType = folder.assetcatalog; path = Assets.xcassets; sourceTree = "<group>"; };
		071DF817215E80350093704F /* Base */ = {isa = PBXFileReference; lastKnownFileType = file.storyboard; name = Base; path = Base.lproj/LaunchScreen.storyboard; sourceTree = "<group>"; };
		071DF819215E80350093704F /* Info.plist */ = {isa = PBXFileReference; lastKnownFileType = text.plist.xml; path = Info.plist; sourceTree = "<group>"; };
		071DF81E215E80350093704F /* ColorsTests.xctest */ = {isa = PBXFileReference; explicitFileType = wrapper.cfbundle; includeInIndex = 0; path = ColorsTests.xctest; sourceTree = BUILT_PRODUCTS_DIR; };
		071DF822215E80350093704F /* ColorsTests.swift */ = {isa = PBXFileReference; lastKnownFileType = sourcecode.swift; path = ColorsTests.swift; sourceTree = "<group>"; };
		071DF824215E80350093704F /* Info.plist */ = {isa = PBXFileReference; lastKnownFileType = text.plist.xml; path = Info.plist; sourceTree = "<group>"; };
		071DF829215E80350093704F /* ColorsUITests.xctest */ = {isa = PBXFileReference; explicitFileType = wrapper.cfbundle; includeInIndex = 0; path = ColorsUITests.xctest; sourceTree = BUILT_PRODUCTS_DIR; };
		071DF82D215E80350093704F /* ColorsUITests.swift */ = {isa = PBXFileReference; lastKnownFileType = sourcecode.swift; path = ColorsUITests.swift; sourceTree = "<group>"; };
		071DF82F215E80350093704F /* Info.plist */ = {isa = PBXFileReference; lastKnownFileType = text.plist.xml; path = Info.plist; sourceTree = "<group>"; };
		071DF83B215E83D90093704F /* ColorListViewController.swift */ = {isa = PBXFileReference; lastKnownFileType = sourcecode.swift; path = ColorListViewController.swift; sourceTree = "<group>"; };
		07BA9DC2217A3050006BE9EE /* Color.swift */ = {isa = PBXFileReference; lastKnownFileType = sourcecode.swift; path = Color.swift; sourceTree = "<group>"; };
		07BA9DC4217A3598006BE9EE /* ColorNavigationViewController.swift */ = {isa = PBXFileReference; lastKnownFileType = sourcecode.swift; path = ColorNavigationViewController.swift; sourceTree = "<group>"; };
/* End PBXFileReference section */

/* Begin PBXFrameworksBuildPhase section */
		071DF807215E80320093704F /* Frameworks */ = {
			isa = PBXFrameworksBuildPhase;
			buildActionMask = 2147483647;
			files = (
			);
			runOnlyForDeploymentPostprocessing = 0;
		};
		071DF81B215E80350093704F /* Frameworks */ = {
			isa = PBXFrameworksBuildPhase;
			buildActionMask = 2147483647;
			files = (
			);
			runOnlyForDeploymentPostprocessing = 0;
		};
		071DF826215E80350093704F /* Frameworks */ = {
			isa = PBXFrameworksBuildPhase;
			buildActionMask = 2147483647;
			files = (
			);
			runOnlyForDeploymentPostprocessing = 0;
		};
/* End PBXFrameworksBuildPhase section */

/* Begin PBXGroup section */
		071DF801215E80320093704F = {
			isa = PBXGroup;
			children = (
				071DF80C215E80320093704F /* Colors */,
				071DF821215E80350093704F /* ColorsTests */,
				071DF82C215E80350093704F /* ColorsUITests */,
				071DF80B215E80320093704F /* Products */,
			);
			sourceTree = "<group>";
		};
		071DF80B215E80320093704F /* Products */ = {
			isa = PBXGroup;
			children = (
				071DF80A215E80320093704F /* Colors.app */,
				071DF81E215E80350093704F /* ColorsTests.xctest */,
				071DF829215E80350093704F /* ColorsUITests.xctest */,
			);
			name = Products;
			sourceTree = "<group>";
		};
		071DF80C215E80320093704F /* Colors */ = {
			isa = PBXGroup;
			children = (
				071DF80D215E80330093704F /* AppDelegate.swift */,
				071DF811215E80330093704F /* Main.storyboard */,
				071DF814215E80350093704F /* Assets.xcassets */,
				071DF816215E80350093704F /* LaunchScreen.storyboard */,
				071DF819215E80350093704F /* Info.plist */,
				071DF83B215E83D90093704F /* ColorListViewController.swift */,
				07BA9DC2217A3050006BE9EE /* Color.swift */,
				07BA9DC4217A3598006BE9EE /* ColorNavigationViewController.swift */,
			);
			path = Colors;
			sourceTree = "<group>";
		};
		071DF821215E80350093704F /* ColorsTests */ = {
			isa = PBXGroup;
			children = (
				071DF822215E80350093704F /* ColorsTests.swift */,
				071DF824215E80350093704F /* Info.plist */,
			);
			path = ColorsTests;
			sourceTree = "<group>";
		};
		071DF82C215E80350093704F /* ColorsUITests */ = {
			isa = PBXGroup;
			children = (
				071DF82D215E80350093704F /* ColorsUITests.swift */,
				071DF82F215E80350093704F /* Info.plist */,
			);
			path = ColorsUITests;
			sourceTree = "<group>";
		};
/* End PBXGroup section */

/* Begin PBXNativeTarget section */
		071DF809215E80320093704F /* Colors */ = {
			isa = PBXNativeTarget;
			buildConfigurationList = 071DF832215E80350093704F /* Build configuration list for PBXNativeTarget "Colors" */;
			buildPhases = (
				071DF806215E80320093704F /* Sources */,
				071DF807215E80320093704F /* Frameworks */,
				071DF808215E80320093704F /* Resources */,
			);
			buildRules = (
			);
			dependencies = (
			);
			name = Colors;
			productName = Colors;
			productReference = 071DF80A215E80320093704F /* Colors.app */;
			productType = "com.apple.product-type.application";
		};
		071DF81D215E80350093704F /* ColorsTests */ = {
			isa = PBXNativeTarget;
			buildConfigurationList = 071DF835215E80350093704F /* Build configuration list for PBXNativeTarget "ColorsTests" */;
			buildPhases = (
				071DF81A215E80350093704F /* Sources */,
				071DF81B215E80350093704F /* Frameworks */,
				071DF81C215E80350093704F /* Resources */,
			);
			buildRules = (
			);
			dependencies = (
				071DF820215E80350093704F /* PBXTargetDependency */,
			);
			name = ColorsTests;
			productName = ColorsTests;
			productReference = 071DF81E215E80350093704F /* ColorsTests.xctest */;
			productType = "com.apple.product-type.bundle.unit-test";
		};
		071DF828215E80350093704F /* ColorsUITests */ = {
			isa = PBXNativeTarget;
			buildConfigurationList = 071DF838215E80350093704F /* Build configuration list for PBXNativeTarget "ColorsUITests" */;
			buildPhases = (
				071DF825215E80350093704F /* Sources */,
				071DF826215E80350093704F /* Frameworks */,
				071DF827215E80350093704F /* Resources */,
			);
			buildRules = (
			);
			dependencies = (
				071DF82B215E80350093704F /* PBXTargetDependency */,
			);
			name = ColorsUITests;
			productName = ColorsUITests;
			productReference = 071DF829215E80350093704F /* ColorsUITests.xctest */;
			productType = "com.apple.product-type.bundle.ui-testing";
		};
/* End PBXNativeTarget section */

/* Begin PBXProject section */
		071DF802215E80320093704F /* Project object */ = {
			isa = PBXProject;
			attributes = {
				LastSwiftUpdateCheck = 0940;
				LastUpgradeCheck = 0940;
				ORGANIZATIONNAME = ZacJohnson;
				TargetAttributes = {
					071DF809215E80320093704F = {
						CreatedOnToolsVersion = 9.4.1;
					};
					071DF81D215E80350093704F = {
						CreatedOnToolsVersion = 9.4.1;
						TestTargetID = 071DF809215E80320093704F;
					};
					071DF828215E80350093704F = {
						CreatedOnToolsVersion = 9.4.1;
						TestTargetID = 071DF809215E80320093704F;
					};
				};
			};
			buildConfigurationList = 071DF805215E80320093704F /* Build configuration list for PBXProject "Colors" */;
			compatibilityVersion = "Xcode 9.3";
			developmentRegion = en;
			hasScannedForEncodings = 0;
			knownRegions = (
				en,
				Base,
			);
			mainGroup = 071DF801215E80320093704F;
			productRefGroup = 071DF80B215E80320093704F /* Products */;
			projectDirPath = "";
			projectRoot = "";
			targets = (
				071DF809215E80320093704F /* Colors */,
				071DF81D215E80350093704F /* ColorsTests */,
				071DF828215E80350093704F /* ColorsUITests */,
			);
		};
/* End PBXProject section */

/* Begin PBXResourcesBuildPhase section */
		071DF808215E80320093704F /* Resources */ = {
			isa = PBXResourcesBuildPhase;
			buildActionMask = 2147483647;
			files = (
				071DF818215E80350093704F /* LaunchScreen.storyboard in Resources */,
				071DF815215E80350093704F /* Assets.xcassets in Resources */,
				071DF813215E80330093704F /* Main.storyboard in Resources */,
			);
			runOnlyForDeploymentPostprocessing = 0;
		};
		071DF81C215E80350093704F /* Resources */ = {
			isa = PBXResourcesBuildPhase;
			buildActionMask = 2147483647;
			files = (
			);
			runOnlyForDeploymentPostprocessing = 0;
		};
		071DF827215E80350093704F /* Resources */ = {
			isa = PBXResourcesBuildPhase;
			buildActionMask = 2147483647;
			files = (
			);
			runOnlyForDeploymentPostprocessing = 0;
		};
/* End PBXResourcesBuildPhase section */

/* Begin PBXSourcesBuildPhase section */
		071DF806215E80320093704F /* Sources */ = {
			isa = PBXSourcesBuildPhase;
			buildActionMask = 2147483647;
			files = (
				07BA9DC5217A3598006BE9EE /* ColorNavigationViewController.swift in Sources */,
				071DF83C215E83D90093704F /* ColorListViewController.swift in Sources */,
				071DF80E215E80330093704F /* AppDelegate.swift in Sources */,
				07BA9DC3217A3050006BE9EE /* Color.swift in Sources */,
			);
			runOnlyForDeploymentPostprocessing = 0;
		};
		071DF81A215E80350093704F /* Sources */ = {
			isa = PBXSourcesBuildPhase;
			buildActionMask = 2147483647;
			files = (
				071DF823215E80350093704F /* ColorsTests.swift in Sources */,
			);
			runOnlyForDeploymentPostprocessing = 0;
		};
		071DF825215E80350093704F /* Sources */ = {
			isa = PBXSourcesBuildPhase;
			buildActionMask = 2147483647;
			files = (
				071DF82E215E80350093704F /* ColorsUITests.swift in Sources */,
			);
			runOnlyForDeploymentPostprocessing = 0;
		};
/* End PBXSourcesBuildPhase section */

/* Begin PBXTargetDependency section */
		071DF820215E80350093704F /* PBXTargetDependency */ = {
			isa = PBXTargetDependency;
			target = 071DF809215E80320093704F /* Colors */;
			targetProxy = 071DF81F215E80350093704F /* PBXContainerItemProxy */;
		};
		071DF82B215E80350093704F /* PBXTargetDependency */ = {
			isa = PBXTargetDependency;
			target = 071DF809215E80320093704F /* Colors */;
			targetProxy = 071DF82A215E80350093704F /* PBXContainerItemProxy */;
		};
/* End PBXTargetDependency section */

/* Begin PBXVariantGroup section */
		071DF811215E80330093704F /* Main.storyboard */ = {
			isa = PBXVariantGroup;
			children = (
				071DF812215E80330093704F /* Base */,
			);
			name = Main.storyboard;
			sourceTree = "<group>";
		};
		071DF816215E80350093704F /* LaunchScreen.storyboard */ = {
			isa = PBXVariantGroup;
			children = (
				071DF817215E80350093704F /* Base */,
			);
			name = LaunchScreen.storyboard;
			sourceTree = "<group>";
		};
/* End PBXVariantGroup section */

/* Begin XCBuildConfiguration section */
		071DF830215E80350093704F /* Debug */ = {
			isa = XCBuildConfiguration;
			buildSettings = {
				ALWAYS_SEARCH_USER_PATHS = NO;
				CLANG_ANALYZER_NONNULL = YES;
				CLANG_ANALYZER_NUMBER_OBJECT_CONVERSION = YES_AGGRESSIVE;
				CLANG_CXX_LANGUAGE_STANDARD = "gnu++14";
				CLANG_CXX_LIBRARY = "libc++";
				CLANG_ENABLE_MODULES = YES;
				CLANG_ENABLE_OBJC_ARC = YES;
				CLANG_ENABLE_OBJC_WEAK = YES;
				CLANG_WARN_BLOCK_CAPTURE_AUTORELEASING = YES;
				CLANG_WARN_BOOL_CONVERSION = YES;
				CLANG_WARN_COMMA = YES;
				CLANG_WARN_CONSTANT_CONVERSION = YES;
				CLANG_WARN_DEPRECATED_OBJC_IMPLEMENTATIONS = YES;
				CLANG_WARN_DIRECT_OBJC_ISA_USAGE = YES_ERROR;
				CLANG_WARN_DOCUMENTATION_COMMENTS = YES;
				CLANG_WARN_EMPTY_BODY = YES;
				CLANG_WARN_ENUM_CONVERSION = YES;
				CLANG_WARN_INFINITE_RECURSION = YES;
				CLANG_WARN_INT_CONVERSION = YES;
				CLANG_WARN_NON_LITERAL_NULL_CONVERSION = YES;
				CLANG_WARN_OBJC_IMPLICIT_RETAIN_SELF = YES;
				CLANG_WARN_OBJC_LITERAL_CONVERSION = YES;
				CLANG_WARN_OBJC_ROOT_CLASS = YES_ERROR;
				CLANG_WARN_RANGE_LOOP_ANALYSIS = YES;
				CLANG_WARN_STRICT_PROTOTYPES = YES;
				CLANG_WARN_SUSPICIOUS_MOVE = YES;
				CLANG_WARN_UNGUARDED_AVAILABILITY = YES_AGGRESSIVE;
				CLANG_WARN_UNREACHABLE_CODE = YES;
				CLANG_WARN__DUPLICATE_METHOD_MATCH = YES;
				CODE_SIGN_IDENTITY = "iPhone Developer";
				COPY_PHASE_STRIP = NO;
				DEBUG_INFORMATION_FORMAT = dwarf;
				ENABLE_STRICT_OBJC_MSGSEND = YES;
				ENABLE_TESTABILITY = YES;
				GCC_C_LANGUAGE_STANDARD = gnu11;
				GCC_DYNAMIC_NO_PIC = NO;
				GCC_NO_COMMON_BLOCKS = YES;
				GCC_OPTIMIZATION_LEVEL = 0;
				GCC_PREPROCESSOR_DEFINITIONS = (
					"DEBUG=1",
					"$(inherited)",
				);
				GCC_WARN_64_TO_32_BIT_CONVERSION = YES;
				GCC_WARN_ABOUT_RETURN_TYPE = YES_ERROR;
				GCC_WARN_UNDECLARED_SELECTOR = YES;
				GCC_WARN_UNINITIALIZED_AUTOS = YES_AGGRESSIVE;
				GCC_WARN_UNUSED_FUNCTION = YES;
				GCC_WARN_UNUSED_VARIABLE = YES;
				IPHONEOS_DEPLOYMENT_TARGET = 11.4;
				MTL_ENABLE_DEBUG_INFO = YES;
				ONLY_ACTIVE_ARCH = YES;
				SDKROOT = iphoneos;
				SWIFT_ACTIVE_COMPILATION_CONDITIONS = DEBUG;
				SWIFT_OPTIMIZATION_LEVEL = "-Onone";
			};
			name = Debug;
		};
		071DF831215E80350093704F /* Release */ = {
			isa = XCBuildConfiguration;
			buildSettings = {
				ALWAYS_SEARCH_USER_PATHS = NO;
				CLANG_ANALYZER_NONNULL = YES;
				CLANG_ANALYZER_NUMBER_OBJECT_CONVERSION = YES_AGGRESSIVE;
				CLANG_CXX_LANGUAGE_STANDARD = "gnu++14";
				CLANG_CXX_LIBRARY = "libc++";
				CLANG_ENABLE_MODULES = YES;
				CLANG_ENABLE_OBJC_ARC = YES;
				CLANG_ENABLE_OBJC_WEAK = YES;
				CLANG_WARN_BLOCK_CAPTURE_AUTORELEASING = YES;
				CLANG_WARN_BOOL_CONVERSION = YES;
				CLANG_WARN_COMMA = YES;
				CLANG_WARN_CONSTANT_CONVERSION = YES;
				CLANG_WARN_DEPRECATED_OBJC_IMPLEMENTATIONS = YES;
				CLANG_WARN_DIRECT_OBJC_ISA_USAGE = YES_ERROR;
				CLANG_WARN_DOCUMENTATION_COMMENTS = YES;
				CLANG_WARN_EMPTY_BODY = YES;
				CLANG_WARN_ENUM_CONVERSION = YES;
				CLANG_WARN_INFINITE_RECURSION = YES;
				CLANG_WARN_INT_CONVERSION = YES;
				CLANG_WARN_NON_LITERAL_NULL_CONVERSION = YES;
				CLANG_WARN_OBJC_IMPLICIT_RETAIN_SELF = YES;
				CLANG_WARN_OBJC_LITERAL_CONVERSION = YES;
				CLANG_WARN_OBJC_ROOT_CLASS = YES_ERROR;
				CLANG_WARN_RANGE_LOOP_ANALYSIS = YES;
				CLANG_WARN_STRICT_PROTOTYPES = YES;
				CLANG_WARN_SUSPICIOUS_MOVE = YES;
				CLANG_WARN_UNGUARDED_AVAILABILITY = YES_AGGRESSIVE;
				CLANG_WARN_UNREACHABLE_CODE = YES;
				CLANG_WARN__DUPLICATE_METHOD_MATCH = YES;
				CODE_SIGN_IDENTITY = "iPhone Developer";
				COPY_PHASE_STRIP = NO;
				DEBUG_INFORMATION_FORMAT = "dwarf-with-dsym";
				ENABLE_NS_ASSERTIONS = NO;
				ENABLE_STRICT_OBJC_MSGSEND = YES;
				GCC_C_LANGUAGE_STANDARD = gnu11;
				GCC_NO_COMMON_BLOCKS = YES;
				GCC_WARN_64_TO_32_BIT_CONVERSION = YES;
				GCC_WARN_ABOUT_RETURN_TYPE = YES_ERROR;
				GCC_WARN_UNDECLARED_SELECTOR = YES;
				GCC_WARN_UNINITIALIZED_AUTOS = YES_AGGRESSIVE;
				GCC_WARN_UNUSED_FUNCTION = YES;
				GCC_WARN_UNUSED_VARIABLE = YES;
				IPHONEOS_DEPLOYMENT_TARGET = 11.4;
				MTL_ENABLE_DEBUG_INFO = NO;
				SDKROOT = iphoneos;
				SWIFT_COMPILATION_MODE = wholemodule;
				SWIFT_OPTIMIZATION_LEVEL = "-O";
				VALIDATE_PRODUCT = YES;
			};
			name = Release;
		};
		071DF833215E80350093704F /* Debug */ = {
			isa = XCBuildConfiguration;
			buildSettings = {
				ASSETCATALOG_COMPILER_APPICON_NAME = AppIcon;
				CODE_SIGN_STYLE = Automatic;
				DEVELOPMENT_TEAM = 5969K972XW;
				INFOPLIST_FILE = Colors/Info.plist;
				LD_RUNPATH_SEARCH_PATHS = (
					"$(inherited)",
					"@executable_path/Frameworks",
				);
				PRODUCT_BUNDLE_IDENTIFIER = JohnsonZac.Colors;
				PRODUCT_NAME = "$(TARGET_NAME)";
				SWIFT_VERSION = 4.0;
				TARGETED_DEVICE_FAMILY = "1,2";
			};
			name = Debug;
		};
		071DF834215E80350093704F /* Release */ = {
			isa = XCBuildConfiguration;
			buildSettings = {
				ASSETCATALOG_COMPILER_APPICON_NAME = AppIcon;
				CODE_SIGN_STYLE = Automatic;
				DEVELOPMENT_TEAM = 5969K972XW;
				INFOPLIST_FILE = Colors/Info.plist;
				LD_RUNPATH_SEARCH_PATHS = (
					"$(inherited)",
					"@executable_path/Frameworks",
				);
				PRODUCT_BUNDLE_IDENTIFIER = JohnsonZac.Colors;
				PRODUCT_NAME = "$(TARGET_NAME)";
				SWIFT_VERSION = 4.0;
				TARGETED_DEVICE_FAMILY = "1,2";
			};
			name = Release;
		};
		071DF836215E80350093704F /* Debug */ = {
			isa = XCBuildConfiguration;
			buildSettings = {
				ALWAYS_EMBED_SWIFT_STANDARD_LIBRARIES = YES;
				BUNDLE_LOADER = "$(TEST_HOST)";
				CODE_SIGN_STYLE = Automatic;
				DEVELOPMENT_TEAM = 5969K972XW;
				INFOPLIST_FILE = ColorsTests/Info.plist;
				LD_RUNPATH_SEARCH_PATHS = (
					"$(inherited)",
					"@executable_path/Frameworks",
					"@loader_path/Frameworks",
				);
				PRODUCT_BUNDLE_IDENTIFIER = JohnsonZac.ColorsTests;
				PRODUCT_NAME = "$(TARGET_NAME)";
				SWIFT_VERSION = 4.0;
				TARGETED_DEVICE_FAMILY = "1,2";
				TEST_HOST = "$(BUILT_PRODUCTS_DIR)/Colors.app/Colors";
			};
			name = Debug;
		};
		071DF837215E80350093704F /* Release */ = {
			isa = XCBuildConfiguration;
			buildSettings = {
				ALWAYS_EMBED_SWIFT_STANDARD_LIBRARIES = YES;
				BUNDLE_LOADER = "$(TEST_HOST)";
				CODE_SIGN_STYLE = Automatic;
				DEVELOPMENT_TEAM = 5969K972XW;
				INFOPLIST_FILE = ColorsTests/Info.plist;
				LD_RUNPATH_SEARCH_PATHS = (
					"$(inherited)",
					"@executable_path/Frameworks",
					"@loader_path/Frameworks",
				);
				PRODUCT_BUNDLE_IDENTIFIER = JohnsonZac.ColorsTests;
				PRODUCT_NAME = "$(TARGET_NAME)";
				SWIFT_VERSION = 4.0;
				TARGETED_DEVICE_FAMILY = "1,2";
				TEST_HOST = "$(BUILT_PRODUCTS_DIR)/Colors.app/Colors";
			};
			name = Release;
		};
		071DF839215E80350093704F /* Debug */ = {
			isa = XCBuildConfiguration;
			buildSettings = {
				ALWAYS_EMBED_SWIFT_STANDARD_LIBRARIES = YES;
				CODE_SIGN_STYLE = Automatic;
				DEVELOPMENT_TEAM = 5969K972XW;
				INFOPLIST_FILE = ColorsUITests/Info.plist;
				LD_RUNPATH_SEARCH_PATHS = (
					"$(inherited)",
					"@executable_path/Frameworks",
					"@loader_path/Frameworks",
				);
				PRODUCT_BUNDLE_IDENTIFIER = JohnsonZac.ColorsUITests;
				PRODUCT_NAME = "$(TARGET_NAME)";
				SWIFT_VERSION = 4.0;
				TARGETED_DEVICE_FAMILY = "1,2";
				TEST_TARGET_NAME = Colors;
			};
			name = Debug;
		};
		071DF83A215E80350093704F /* Release */ = {
			isa = XCBuildConfiguration;
			buildSettings = {
				ALWAYS_EMBED_SWIFT_STANDARD_LIBRARIES = YES;
				CODE_SIGN_STYLE = Automatic;
				DEVELOPMENT_TEAM = 5969K972XW;
				INFOPLIST_FILE = ColorsUITests/Info.plist;
				LD_RUNPATH_SEARCH_PATHS = (
					"$(inherited)",
					"@executable_path/Frameworks",
					"@loader_path/Frameworks",
				);
				PRODUCT_BUNDLE_IDENTIFIER = JohnsonZac.ColorsUITests;
				PRODUCT_NAME = "$(TARGET_NAME)";
				SWIFT_VERSION = 4.0;
				TARGETED_DEVICE_FAMILY = "1,2";
				TEST_TARGET_NAME = Colors;
			};
			name = Release;
		};
/* End XCBuildConfiguration section */

/* Begin XCConfigurationList section */
		071DF805215E80320093704F /* Build configuration list for PBXProject "Colors" */ = {
			isa = XCConfigurationList;
			buildConfigurations = (
				071DF830215E80350093704F /* Debug */,
				071DF831215E80350093704F /* Release */,
			);
			defaultConfigurationIsVisible = 0;
			defaultConfigurationName = Release;
		};
		071DF832215E80350093704F /* Build configuration list for PBXNativeTarget "Colors" */ = {
			isa = XCConfigurationList;
			buildConfigurations = (
				071DF833215E80350093704F /* Debug */,
				071DF834215E80350093704F /* Release */,
			);
			defaultConfigurationIsVisible = 0;
			defaultConfigurationName = Release;
		};
		071DF835215E80350093704F /* Build configuration list for PBXNativeTarget "ColorsTests" */ = {
			isa = XCConfigurationList;
			buildConfigurations = (
				071DF836215E80350093704F /* Debug */,
				071DF837215E80350093704F /* Release */,
			);
			defaultConfigurationIsVisible = 0;
			defaultConfigurationName = Release;
		};
		071DF838215E80350093704F /* Build configuration list for PBXNativeTarget "ColorsUITests" */ = {
			isa = XCConfigurationList;
			buildConfigurations = (
				071DF839215E80350093704F /* Debug */,
				071DF83A215E80350093704F /* Release */,
			);
			defaultConfigurationIsVisible = 0;
			defaultConfigurationName = Release;
		};
/* End XCConfigurationList section */
	};
	rootObject = 071DF802215E80320093704F /* Project object */;
}
